
Microsoft Visual Studio Solution File, Format Version 12.00
Project("{FAE04EC0-301F-11D3-BF4B-00C04F79EFBC}") = "PiEar", "PiEar\PiEar\PiEar.csproj", "{193DBA3E-7848-4F16-A414-AF1E5CF887FD}"
EndProject
Project("{FAE04EC0-301F-11D3-BF4B-00C04F79EFBC}") = "PiEar.Droid", "PiEar\PiEar.Droid\PiEar.Droid.csproj", "{006E6FFE-3D00-49C2-BED4-6AE394992E33}"
EndProject
Project("{FAE04EC0-301F-11D3-BF4B-00C04F79EFBC}") = "PiEar.iOS", "PiEar\PiEar.iOS\PiEar.iOS.csproj", "{D4D14720-1626-42A3-B496-5BEAEDD98747}"
EndProject
Global
	GlobalSection(SolutionConfigurationPlatforms) = preSolution
		Ad-Hoc|iPhone = Ad-Hoc|iPhone
		AppStore|iPhone = AppStore|iPhone
		Debug|Any CPU = Debug|Any CPU
		Debug|iPhone = Debug|iPhone
		Debug|iPhoneSimulator = Debug|iPhoneSimulator
		Release|Any CPU = Release|Any CPU
		Release|iPhone = Release|iPhone
		Release|iPhoneSimulator = Release|iPhoneSimulator
	EndGlobalSection
	GlobalSection(ProjectConfigurationPlatforms) = postSolution
		{193DBA3E-7848-4F16-A414-AF1E5CF887FD}.Ad-Hoc|iPhone.ActiveCfg = Debug|Any CPU
		{193DBA3E-7848-4F16-A414-AF1E5CF887FD}.Ad-Hoc|iPhone.Build.0 = Debug|Any CPU
		{193DBA3E-7848-4F16-A414-AF1E5CF887FD}.AppStore|iPhone.ActiveCfg = Debug|Any CPU
		{193DBA3E-7848-4F16-A414-AF1E5CF887FD}.AppStore|iPhone.Build.0 = Debug|Any CPU
		{193DBA3E-7848-4F16-A414-AF1E5CF887FD}.Debug|Any CPU.ActiveCfg = Debug|Any CPU
		{193DBA3E-7848-4F16-A414-AF1E5CF887FD}.Debug|Any CPU.Build.0 = Debug|Any CPU
		{193DBA3E-7848-4F16-A414-AF1E5CF887FD}.Debug|iPhone.ActiveCfg = Debug|Any CPU
		{193DBA3E-7848-4F16-A414-AF1E5CF887FD}.Debug|iPhone.Build.0 = Debug|Any CPU
		{193DBA3E-7848-4F16-A414-AF1E5CF887FD}.Debug|iPhoneSimulator.ActiveCfg = Debug|Any CPU
		{193DBA3E-7848-4F16-A414-AF1E5CF887FD}.Debug|iPhoneSimulator.Build.0 = Debug|Any CPU
		{193DBA3E-7848-4F16-A414-AF1E5CF887FD}.Release|Any CPU.ActiveCfg = Release|Any CPU
		{193DBA3E-7848-4F16-A414-AF1E5CF887FD}.Release|Any CPU.Build.0 = Release|Any CPU
		{193DBA3E-7848-4F16-A414-AF1E5CF887FD}.Release|iPhone.ActiveCfg = Release|Any CPU
		{193DBA3E-7848-4F16-A414-AF1E5CF887FD}.Release|iPhone.Build.0 = Release|Any CPU
		{193DBA3E-7848-4F16-A414-AF1E5CF887FD}.Release|iPhoneSimulator.ActiveCfg = Release|Any CPU
		{193DBA3E-7848-4F16-A414-AF1E5CF887FD}.Release|iPhoneSimulator.Build.0 = Release|Any CPU
		{006E6FFE-3D00-49C2-BED4-6AE394992E33}.Ad-Hoc|iPhone.ActiveCfg = Debug|Any CPU
		{006E6FFE-3D00-49C2-BED4-6AE394992E33}.Ad-Hoc|iPhone.Build.0 = Debug|Any CPU
		{006E6FFE-3D00-49C2-BED4-6AE394992E33}.Ad-Hoc|iPhone.Deploy.0 = Debug|Any CPU
		{006E6FFE-3D00-49C2-BED4-6AE394992E33}.AppStore|iPhone.ActiveCfg = Debug|Any CPU
		{006E6FFE-3D00-49C2-BED4-6AE394992E33}.AppStore|iPhone.Build.0 = Debug|Any CPU
		{006E6FFE-3D00-49C2-BED4-6AE394992E33}.AppStore|iPhone.Deploy.0 = Debug|Any CPU
		{006E6FFE-3D00-49C2-BED4-6AE394992E33}.Debug|Any CPU.ActiveCfg = Debug|Any CPU
		{006E6FFE-3D00-49C2-BED4-6AE394992E33}.Debug|Any CPU.Build.0 = Debug|Any CPU
		{006E6FFE-3D00-49C2-BED4-6AE394992E33}.Debug|Any CPU.Deploy.0 = Debug|Any CPU
		{006E6FFE-3D00-49C2-BED4-6AE394992E33}.Debug|iPhone.ActiveCfg = Debug|Any CPU
		{006E6FFE-3D00-49C2-BED4-6AE394992E33}.Debug|iPhone.Build.0 = Debug|Any CPU
		{006E6FFE-3D00-49C2-BED4-6AE394992E33}.Debug|iPhone.Deploy.0 = Debug|Any CPU
		{006E6FFE-3D00-49C2-BED4-6AE394992E33}.Debug|iPhoneSimulator.ActiveCfg = Debug|Any CPU
		{006E6FFE-3D00-49C2-BED4-6AE394992E33}.Debug|iPhoneSimulator.Build.0 = Debug|Any CPU
		{006E6FFE-3D00-49C2-BED4-6AE394992E33}.Debug|iPhoneSimulator.Deploy.0 = Debug|Any CPU
		{006E6FFE-3D00-49C2-BED4-6AE394992E33}.Release|Any CPU.ActiveCfg = Release|Any CPU
		{006E6FFE-3D00-49C2-BED4-6AE394992E33}.Release|Any CPU.Build.0 = Release|Any CPU
		{006E6FFE-3D00-49C2-BED4-6AE394992E33}.Release|Any CPU.Deploy.0 = Release|Any CPU
		{006E6FFE-3D00-49C2-BED4-6AE394992E33}.Release|iPhone.ActiveCfg = Release|Any CPU
		{006E6FFE-3D00-49C2-BED4-6AE394992E33}.Release|iPhone.Build.0 = Release|Any CPU
		{006E6FFE-3D00-49C2-BED4-6AE394992E33}.Release|iPhone.Deploy.0 = Release|Any CPU
		{006E6FFE-3D00-49C2-BED4-6AE394992E33}.Release|iPhoneSimulator.ActiveCfg = Release|Any CPU
		{006E6FFE-3D00-49C2-BED4-6AE394992E33}.Release|iPhoneSimulator.Build.0 = Release|Any CPU
		{006E6FFE-3D00-49C2-BED4-6AE394992E33}.Release|iPhoneSimulator.Deploy.0 = Release|Any CPU
		{D4D14720-1626-42A3-B496-5BEAEDD98747}.Ad-Hoc|iPhone.ActiveCfg = Ad-Hoc|iPhone
		{D4D14720-1626-42A3-B496-5BEAEDD98747}.Ad-Hoc|iPhone.Build.0 = Ad-Hoc|iPhone
		{D4D14720-1626-42A3-B496-5BEAEDD98747}.Ad-Hoc|iPhone.Deploy.0 = Ad-Hoc|iPhone
		{D4D14720-1626-42A3-B496-5BEAEDD98747}.AppStore|iPhone.ActiveCfg = AppStore|iPhone
		{D4D14720-1626-42A3-B496-5BEAEDD98747}.AppStore|iPhone.Build.0 = AppStore|iPhone
		{D4D14720-1626-42A3-B496-5BEAEDD98747}.AppStore|iPhone.Deploy.0 = AppStore|iPhone
		{D4D14720-1626-42A3-B496-5BEAEDD98747}.Debug|Any CPU.ActiveCfg = Debug|iPhoneSimulator
		{D4D14720-1626-42A3-B496-5BEAEDD98747}.Debug|Any CPU.Build.0 = Debug|iPhoneSimulator
		{D4D14720-1626-42A3-B496-5BEAEDD98747}.Debug|Any CPU.Deploy.0 = Debug|iPhoneSimulator
		{D4D14720-1626-42A3-B496-5BEAEDD98747}.Debug|iPhone.ActiveCfg = Debug|iPhone
		{D4D14720-1626-42A3-B496-5BEAEDD98747}.Debug|iPhone.Build.0 = Debug|iPhone
		{D4D14720-1626-42A3-B496-5BEAEDD98747}.Debug|iPhone.Deploy.0 = Debug|iPhone
		{D4D14720-1626-42A3-B496-5BEAEDD98747}.Debug|iPhoneSimulator.ActiveCfg = Debug|iPhoneSimulator
		{D4D14720-1626-42A3-B496-5BEAEDD98747}.Debug|iPhoneSimulator.Build.0 = Debug|iPhoneSimulator
		{D4D14720-1626-42A3-B496-5BEAEDD98747}.Debug|iPhoneSimulator.Deploy.0 = Debug|iPhoneSimulator
		{D4D14720-1626-42A3-B496-5BEAEDD98747}.Release|Any CPU.ActiveCfg = Release|iPhoneSimulator
		{D4D14720-1626-42A3-B496-5BEAEDD98747}.Release|Any CPU.Build.0 = Release|iPhoneSimulator
		{D4D14720-1626-42A3-B496-5BEAEDD98747}.Release|Any CPU.Deploy.0 = Release|iPhoneSimulator
		{D4D14720-1626-42A3-B496-5BEAEDD98747}.Release|iPhone.ActiveCfg = Release|iPhone
		{D4D14720-1626-42A3-B496-5BEAEDD98747}.Release|iPhone.Build.0 = Release|iPhone
		{D4D14720-1626-42A3-B496-5BEAEDD98747}.Release|iPhone.Deploy.0 = Release|iPhone
		{D4D14720-1626-42A3-B496-5BEAEDD98747}.Release|iPhoneSimulator.ActiveCfg = Release|iPhoneSimulator
		{D4D14720-1626-42A3-B496-5BEAEDD98747}.Release|iPhoneSimulator.Build.0 = Release|iPhoneSimulator
		{D4D14720-1626-42A3-B496-5BEAEDD98747}.Release|iPhoneSimulator.Deploy.0 = Release|iPhoneSimulator
	EndGlobalSection
EndGlobal
